
Microsoft Visual Studio Solution File, Format Version 12.00
# Visual Studio Version 16
VisualStudioVersion = 16.0.30114.105
MinimumVisualStudioVersion = 10.0.40219.1
Project("{FAE04EC0-301F-11D3-BF4B-00C04F79EFBC}") = "Passagens", "Passagens\Passagens.csproj", "{E5A3001E-4E7A-418B-844D-3161589A55FD}"
EndProject
Project("{FAE04EC0-301F-11D3-BF4B-00C04F79EFBC}") = "Hosting", "Hosting\Hosting.csproj", "{86077408-E4F3-4B07-99CF-5F54F16C164B}"
EndProject
Project("{FAE04EC0-301F-11D3-BF4B-00C04F79EFBC}") = "ConsumindoServico", "ConsumindoServico\ConsumindoServico.csproj", "{9A3E178B-5771-4A9E-A53C-D261D0F4EC2B}"
	ProjectSection(ProjectDependencies) = postProject
		{E5A3001E-4E7A-418B-844D-3161589A55FD} = {E5A3001E-4E7A-418B-844D-3161589A55FD}
	EndProjectSection
EndProject
Global
	GlobalSection(SolutionConfigurationPlatforms) = preSolution
		Debug|Any CPU = Debug|Any CPU
		Release|Any CPU = Release|Any CPU
	EndGlobalSection
	GlobalSection(ProjectConfigurationPlatforms) = postSolution
		{E5A3001E-4E7A-418B-844D-3161589A55FD}.Debug|Any CPU.ActiveCfg = Debug|Any CPU
		{E5A3001E-4E7A-418B-844D-3161589A55FD}.Debug|Any CPU.Build.0 = Debug|Any CPU
		{E5A3001E-4E7A-418B-844D-3161589A55FD}.Release|Any CPU.ActiveCfg = Release|Any CPU
		{E5A3001E-4E7A-418B-844D-3161589A55FD}.Release|Any CPU.Build.0 = Release|Any CPU
		{86077408-E4F3-4B07-99CF-5F54F16C164B}.Debug|Any CPU.ActiveCfg = Debug|Any CPU
		{86077408-E4F3-4B07-99CF-5F54F16C164B}.Debug|Any CPU.Build.0 = Debug|Any CPU
		{86077408-E4F3-4B07-99CF-5F54F16C164B}.Release|Any CPU.ActiveCfg = Release|Any CPU
		{86077408-E4F3-4B07-99CF-5F54F16C164B}.Release|Any CPU.Build.0 = Release|Any CPU
		{9A3E178B-5771-4A9E-A53C-D261D0F4EC2B}.Debug|Any CPU.ActiveCfg = Debug|Any CPU
		{9A3E178B-5771-4A9E-A53C-D261D0F4EC2B}.Debug|Any CPU.Build.0 = Debug|Any CPU
		{9A3E178B-5771-4A9E-A53C-D261D0F4EC2B}.Release|Any CPU.ActiveCfg = Release|Any CPU
		{9A3E178B-5771-4A9E-A53C-D261D0F4EC2B}.Release|Any CPU.Build.0 = Release|Any CPU
	EndGlobalSection
	GlobalSection(SolutionProperties) = preSolution
		HideSolutionNode = FALSE
	EndGlobalSection
	GlobalSection(ExtensibilityGlobals) = postSolution
		SolutionGuid = {07F397E9-0FD7-44A0-A30B-A45456795F08}
	EndGlobalSection
EndGlobal
